
Microsoft Visual Studio Solution File, Format Version 12.00
# Visual Studio Version 16
VisualStudioVersion = 25.0.1706.5
MinimumVisualStudioVersion = 10.0.40219.1
Project("{FAE04EC0-301F-11D3-BF4B-00C04F79EFBC}") = "AgileMetricsServer", "AgileMetricsServer\AgileMetricsServer.csproj", "{83D62ED0-6179-4DA7-93A6-84EFAFE83F46}"
EndProject
Project("{FAE04EC0-301F-11D3-BF4B-00C04F79EFBC}") = "AgileMetricsRules", "AgileMetricsRules\AgileMetricsRules.csproj", "{B62D16BA-40D2-425C-9978-D399A0221D44}"
EndProject
Project("{FAE04EC0-301F-11D3-BF4B-00C04F79EFBC}") = "Tests", "Tests\Tests.csproj", "{F10FAA39-0920-4282-B272-48C6BA90BE69}"
EndProject
Project("{FAE04EC0-301F-11D3-BF4B-00C04F79EFBC}") = "AdoAnalysisServerApis", "AdoAnalysisServerApis\AdoAnalysisServerApis.csproj", "{4B45245B-8AD0-4EFC-AB01-C5FC8CDD047E}"
EndProject
Global
	GlobalSection(SolutionConfigurationPlatforms) = preSolution
		Debug|Any CPU = Debug|Any CPU
		Release|Any CPU = Release|Any CPU
	EndGlobalSection
	GlobalSection(ProjectConfigurationPlatforms) = postSolution
		{83D62ED0-6179-4DA7-93A6-84EFAFE83F46}.Debug|Any CPU.ActiveCfg = Debug|Any CPU
		{83D62ED0-6179-4DA7-93A6-84EFAFE83F46}.Debug|Any CPU.Build.0 = Debug|Any CPU
		{83D62ED0-6179-4DA7-93A6-84EFAFE83F46}.Release|Any CPU.ActiveCfg = Release|Any CPU
		{83D62ED0-6179-4DA7-93A6-84EFAFE83F46}.Release|Any CPU.Build.0 = Release|Any CPU
		{B62D16BA-40D2-425C-9978-D399A0221D44}.Debug|Any CPU.ActiveCfg = Debug|Any CPU
		{B62D16BA-40D2-425C-9978-D399A0221D44}.Debug|Any CPU.Build.0 = Debug|Any CPU
		{B62D16BA-40D2-425C-9978-D399A0221D44}.Release|Any CPU.ActiveCfg = Release|Any CPU
		{B62D16BA-40D2-425C-9978-D399A0221D44}.Release|Any CPU.Build.0 = Release|Any CPU
		{F10FAA39-0920-4282-B272-48C6BA90BE69}.Debug|Any CPU.ActiveCfg = Debug|Any CPU
		{F10FAA39-0920-4282-B272-48C6BA90BE69}.Debug|Any CPU.Build.0 = Debug|Any CPU
		{F10FAA39-0920-4282-B272-48C6BA90BE69}.Release|Any CPU.ActiveCfg = Release|Any CPU
		{F10FAA39-0920-4282-B272-48C6BA90BE69}.Release|Any CPU.Build.0 = Release|Any CPU
		{4B45245B-8AD0-4EFC-AB01-C5FC8CDD047E}.Debug|Any CPU.ActiveCfg = Debug|Any CPU
		{4B45245B-8AD0-4EFC-AB01-C5FC8CDD047E}.Debug|Any CPU.Build.0 = Debug|Any CPU
		{4B45245B-8AD0-4EFC-AB01-C5FC8CDD047E}.Release|Any CPU.ActiveCfg = Release|Any CPU
		{4B45245B-8AD0-4EFC-AB01-C5FC8CDD047E}.Release|Any CPU.Build.0 = Release|Any CPU
	EndGlobalSection
	GlobalSection(SolutionProperties) = preSolution
		HideSolutionNode = FALSE
	EndGlobalSection
	GlobalSection(ExtensibilityGlobals) = postSolution
		SolutionGuid = {513A2D72-DD15-4F9F-BFF5-A8B3C97EE0DD}
	EndGlobalSection
EndGlobal
